
Microsoft Visual Studio Solution File, Format Version 12.00
# Visual Studio 15
VisualStudioVersion = 15.0.28307.705
MinimumVisualStudioVersion = 10.0.40219.1
Project("{9A19103F-16F7-4668-BE54-9A1E7A4F7556}") = "SignalRCore", "SignalRCore\SignalRCore.csproj", "{2D3815AC-D2D7-41D7-A226-C24B347C3173}"
EndProject
Project("{FAE04EC0-301F-11D3-BF4B-00C04F79EFBC}") = "SignalRFramework", "SignalRFramework\SignalRFramework.csproj", "{A00F8B5B-BA00-4AE3-B72F-F94F263F2FBB}"
EndProject
Global
	GlobalSection(SolutionConfigurationPlatforms) = preSolution
		Debug|Any CPU = Debug|Any CPU
		Release|Any CPU = Release|Any CPU
	EndGlobalSection
	GlobalSection(ProjectConfigurationPlatforms) = postSolution
		{2D3815AC-D2D7-41D7-A226-C24B347C3173}.Debug|Any CPU.ActiveCfg = Debug|Any CPU
		{2D3815AC-D2D7-41D7-A226-C24B347C3173}.Debug|Any CPU.Build.0 = Debug|Any CPU
		{2D3815AC-D2D7-41D7-A226-C24B347C3173}.Release|Any CPU.ActiveCfg = Release|Any CPU
		{2D3815AC-D2D7-41D7-A226-C24B347C3173}.Release|Any CPU.Build.0 = Release|Any CPU
		{A00F8B5B-BA00-4AE3-B72F-F94F263F2FBB}.Debug|Any CPU.ActiveCfg = Debug|Any CPU
		{A00F8B5B-BA00-4AE3-B72F-F94F263F2FBB}.Debug|Any CPU.Build.0 = Debug|Any CPU
		{A00F8B5B-BA00-4AE3-B72F-F94F263F2FBB}.Release|Any CPU.ActiveCfg = Release|Any CPU
		{A00F8B5B-BA00-4AE3-B72F-F94F263F2FBB}.Release|Any CPU.Build.0 = Release|Any CPU
	EndGlobalSection
	GlobalSection(SolutionProperties) = preSolution
		HideSolutionNode = FALSE
	EndGlobalSection
	GlobalSection(ExtensibilityGlobals) = postSolution
		SolutionGuid = {1AC9DF62-902E-4343-AFBB-EA7E1E7A9EA3}
	EndGlobalSection
EndGlobal
